// !$*UTF8*$!
{
	archiveVersion = 1;
	classes = {
	};
	objectVersion = 46;
	objects = {

/* Begin PBXBuildFile section */
		6EC676162347BCC100CFC871 /* effectsmidi.cpp in Sources */ = {isa = PBXBuildFile; fileRef = 6EC676152347BCC100CFC871 /* effectsmidi.cpp */; };
		6EFAC8B02199237E0032E70C /* RtMidi.cpp in Sources */ = {isa = PBXBuildFile; fileRef = 6EFAC8AD2199237E0032E70C /* RtMidi.cpp */; };
		6EFAC8B2219923970032E70C /* RtMidi.h in Sources */ = {isa = PBXBuildFile; fileRef = 6EFAC8AE2199237E0032E70C /* RtMidi.h */; };
		AF77A84E165B0E00004D5BC2 /* libfmod.dylib in CopyFiles */ = {isa = PBXBuildFile; fileRef = AF77A84C165B0E00004D5BC2 /* libfmod.dylib */; };
		AF77A84F165B0E00004D5BC2 /* libfmodL.dylib in CopyFiles */ = {isa = PBXBuildFile; fileRef = AF77A84D165B0E00004D5BC2 /* libfmodL.dylib */; };
		AFA41FB71654A10E005DF8E4 /* Cocoa.framework in Frameworks */ = {isa = PBXBuildFile; fileRef = AFA41FB61654A10E005DF8E4 /* Cocoa.framework */; };
		AFC16065167078A800003773 /* Media in Resources */ = {isa = PBXBuildFile; fileRef = AFC160631670789200003773 /* Media */; };
/* End PBXBuildFile section */

/* Begin PBXCopyFilesBuildPhase section */
		AF77A847165B0DC4004D5BC2 /* CopyFiles */ = {
			isa = PBXCopyFilesBuildPhase;
			buildActionMask = 2147483647;
			dstPath = "";
			dstSubfolderSpec = 10;
			files = (
				AF77A84E165B0E00004D5BC2 /* libfmod.dylib in CopyFiles */,
				AF77A84F165B0E00004D5BC2 /* libfmodL.dylib in CopyFiles */,
			);
			runOnlyForDeploymentPostprocessing = 0;
		};
/* End PBXCopyFilesBuildPhase section */

/* Begin PBXFileReference section */
		6E42F3BE233BDD4D009B9E4A /* VinylTrackFramework.h */ = {isa = PBXFileReference; fileEncoding = 4; lastKnownFileType = sourcecode.c.h; path = VinylTrackFramework.h; sourceTree = "<group>"; };
		6E7F80ED21D5C9CE00FAA840 /* udp.hh */ = {isa = PBXFileReference; fileEncoding = 4; lastKnownFileType = sourcecode.cpp.h; path = udp.hh; sourceTree = "<group>"; };
		6E7F80EE21D5C9CE00FAA840 /* oscpkt.hh */ = {isa = PBXFileReference; fileEncoding = 4; lastKnownFileType = sourcecode.cpp.h; path = oscpkt.hh; sourceTree = "<group>"; };
		6EC676152347BCC100CFC871 /* effectsmidi.cpp */ = {isa = PBXFileReference; fileEncoding = 4; lastKnownFileType = sourcecode.cpp.cpp; path = effectsmidi.cpp; sourceTree = "<group>"; };
		6EFAC8AD2199237E0032E70C /* RtMidi.cpp */ = {isa = PBXFileReference; fileEncoding = 4; lastKnownFileType = sourcecode.cpp.cpp; path = RtMidi.cpp; sourceTree = "<group>"; };
		6EFAC8AE2199237E0032E70C /* RtMidi.h */ = {isa = PBXFileReference; fileEncoding = 4; lastKnownFileType = sourcecode.c.h; path = RtMidi.h; sourceTree = "<group>"; };
		AF77A84C165B0E00004D5BC2 /* libfmod.dylib */ = {isa = PBXFileReference; lastKnownFileType = "compiled.mach-o.dylib"; name = libfmod.dylib; path = ../../lib/libfmod.dylib; sourceTree = "<group>"; };
		AF77A84D165B0E00004D5BC2 /* libfmodL.dylib */ = {isa = PBXFileReference; lastKnownFileType = "compiled.mach-o.dylib"; name = libfmodL.dylib; path = ../../lib/libfmodL.dylib; sourceTree = "<group>"; };
		AFA41FB61654A10E005DF8E4 /* Cocoa.framework */ = {isa = PBXFileReference; lastKnownFileType = wrapper.framework; name = Cocoa.framework; path = System/Library/Frameworks/Cocoa.framework; sourceTree = SDKROOT; };
		AFC160631670789200003773 /* Media */ = {isa = PBXFileReference; lastKnownFileType = folder; name = Media; path = ../media; sourceTree = "<group>"; };
		AFFF96911630FB6A00804536 /* effectsMIDI.app */ = {isa = PBXFileReference; explicitFileType = wrapper.application; includeInIndex = 0; path = effectsMIDI.app; sourceTree = BUILT_PRODUCTS_DIR; };
/* End PBXFileReference section */

/* Begin PBXFrameworksBuildPhase section */
		AFFF968E1630FB6A00804536 /* Frameworks */ = {
			isa = PBXFrameworksBuildPhase;
			buildActionMask = 2147483647;
			files = (
				AFA41FB71654A10E005DF8E4 /* Cocoa.framework in Frameworks */,
			);
			runOnlyForDeploymentPostprocessing = 0;
		};
/* End PBXFrameworksBuildPhase section */

/* Begin PBXGroup section */
		AFFF96861630FB6A00804536 = {
			isa = PBXGroup;
			children = (
				AFC160631670789200003773 /* Media */,
				AFFF96C3746D33BF00804536 /* Sources */,
				AFFF96BD163103C400804536 /* Libraries */,
				AFFF96921630FB6A00804536 /* Products */,
			);
			sourceTree = "<group>";
		};
		AFFF96921630FB6A00804536 /* Products */ = {
			isa = PBXGroup;
			children = (
				AFFF96911630FB6A00804536 /* effectsMIDI.app */,
			);
			name = Products;
			sourceTree = "<group>";
		};
		AFFF96BD163103C400804536 /* Libraries */ = {
			isa = PBXGroup;
			children = (
				AF77A84C165B0E00004D5BC2 /* libfmod.dylib */,
				AF77A84D165B0E00004D5BC2 /* libfmodL.dylib */,
				AFA41FB61654A10E005DF8E4 /* Cocoa.framework */,
			);
			name = Libraries;
			sourceTree = "<group>";
		};
		AFFF96C3746D33BF00804536 /* Sources */ = {
			isa = PBXGroup;
			children = (
				6EC676152347BCC100CFC871 /* effectsmidi.cpp */,
				6E42F3BE233BDD4D009B9E4A /* VinylTrackFramework.h */,
				6E7F80EE21D5C9CE00FAA840 /* oscpkt.hh */,
				6E7F80ED21D5C9CE00FAA840 /* udp.hh */,
				6EFAC8AD2199237E0032E70C /* RtMidi.cpp */,
				6EFAC8AE2199237E0032E70C /* RtMidi.h */,
			);
			name = Sources;
			sourceTree = "<group>";
		};
/* End PBXGroup section */

/* Begin PBXNativeTarget section */
		AFFF96901630FB6A00804536 /* effects */ = {
			isa = PBXNativeTarget;
			buildConfigurationList = AFFF969B1630FB6A00804536 /* Build configuration list for PBXNativeTarget "effects" */;
			buildPhases = (
				AFFF968D1630FB6A00804536 /* Sources */,
				AFFF968E1630FB6A00804536 /* Frameworks */,
				AF77A847165B0DC4004D5BC2 /* CopyFiles */,
				AFC16064167078A400003773 /* Resources */,
			);
			buildRules = (
			);
			dependencies = (
			);
			name = effects;
			productName = effects;
			productReference = AFFF96911630FB6A00804536 /* effectsMIDI.app */;
			productType = "com.apple.product-type.application";
		};
/* End PBXNativeTarget section */

/* Begin PBXProject section */
		AFFF96881630FB6A00804536 /* Project object */ = {
			isa = PBXProject;
			attributes = {
				LastUpgradeCheck = 0450;
				ORGANIZATIONNAME = "Firelight Technologies";
			};
			buildConfigurationList = AFFF968B1630FB6A00804536 /* Build configuration list for PBXProject "effectsMIDI" */;
			compatibilityVersion = "Xcode 3.2";
			developmentRegion = English;
			hasScannedForEncodings = 0;
			knownRegions = (
				en,
			);
			mainGroup = AFFF96861630FB6A00804536;
			productRefGroup = AFFF96921630FB6A00804536 /* Products */;
			projectDirPath = "";
			projectRoot = "";
			targets = (
				AFFF96901630FB6A00804536 /* effects */,
			);
		};
/* End PBXProject section */

/* Begin PBXResourcesBuildPhase section */
		AFC16064167078A400003773 /* Resources */ = {
			isa = PBXResourcesBuildPhase;
			buildActionMask = 2147483647;
			files = (
				AFC16065167078A800003773 /* Media in Resources */,
			);
			runOnlyForDeploymentPostprocessing = 0;
		};
/* End PBXResourcesBuildPhase section */

/* Begin PBXSourcesBuildPhase section */
		AFFF968D1630FB6A00804536 /* Sources */ = {
			isa = PBXSourcesBuildPhase;
			buildActionMask = 2147483647;
			files = (
				6EFAC8B2219923970032E70C /* RtMidi.h in Sources */,
				6EFAC8B02199237E0032E70C /* RtMidi.cpp in Sources */,
				6EC676162347BCC100CFC871 /* effectsmidi.cpp in Sources */,
			);
			runOnlyForDeploymentPostprocessing = 0;
		};
/* End PBXSourcesBuildPhase section */

/* Begin XCBuildConfiguration section */
		AFFF96991630FB6A00804536 /* Debug */ = {
			isa = XCBuildConfiguration;
			buildSettings = {
				ARCHS = "$(ARCHS_STANDARD_32_64_BIT)";
				CLANG_CXX_LANGUAGE_STANDARD = "c++0x";
				CLANG_CXX_LIBRARY = "libc++";
				GCC_ENABLE_CPP_RTTI = NO;
				GCC_OPTIMIZATION_LEVEL = 0;
				HEADER_SEARCH_PATHS = ../../../lowlevel/inc;
				LD_RUNPATH_SEARCH_PATHS = "@loader_path/../Frameworks";
				LIBRARY_SEARCH_PATHS = ../../../lowlevel/inc/lib;
				MACOSX_DEPLOYMENT_TARGET = 10.5;
				ONLY_ACTIVE_ARCH = YES;
				OTHER_LDFLAGS = ../../../lowlevel/lib/libfmodL.dylib;
				"OTHER_LDFLAGS[arch=*]" = ../../../lowlevel/inc/lib/libVinylTrack.a;
				PRODUCT_NAME = $PROJECT_NAME;
				SDKROOT = macosx;
			};
			name = Debug;
		};
		AFFF969A1630FB6A00804536 /* Release */ = {
			isa = XCBuildConfiguration;
			buildSettings = {
				ARCHS = "$(ARCHS_STANDARD_32_64_BIT)";
				CLANG_CXX_LANGUAGE_STANDARD = "c++0x";
				CLANG_CXX_LIBRARY = "libc++";
				GCC_ENABLE_CPP_RTTI = NO;
				HEADER_SEARCH_PATHS = ../../../lowlevel/inc;
				LD_RUNPATH_SEARCH_PATHS = "@loader_path/../Frameworks";
				LIBRARY_SEARCH_PATHS = ../../../lowlevel/inc/lib;
				MACOSX_DEPLOYMENT_TARGET = 10.5;
				OTHER_LDFLAGS = ../../../lowlevel/lib/libfmod.dylib;
				"OTHER_LDFLAGS[arch=*]" = ../../../lowlevel/inc/lib/libVinylTrack.a;
				PRODUCT_NAME = $PROJECT_NAME;
				SDKROOT = macosx;
			};
			name = Release;
		};
		AFFF969C1630FB6A00804536 /* Debug */ = {
			isa = XCBuildConfiguration;
			buildSettings = {
				ARCHS = "$(ARCHS_STANDARD)";
				CLANG_CXX_LIBRARY = "compiler-default";
				COMBINE_HIDPI_IMAGES = YES;
				LIBRARY_SEARCH_PATHS = ../../../lowlevel/lib;
				MACOSX_DEPLOYMENT_TARGET = 10.11;
				OTHER_LDFLAGS = (
					../../../lowlevel/lib/libfmodL.dylib,
					"-framework",
					CoreMIDI,
					"-framework",
					CoreAudio,
					"-framework",
					CoreFoundation,
				);
				VALID_ARCHS = x86_64;
			};
			name = Debug;
		};
		AFFF969D1630FB6A00804536 /* Release */ = {
			isa = XCBuildConfiguration;
			buildSettings = {
				ARCHS = "$(ARCHS_STANDARD)";
				CLANG_CXX_LIBRARY = "compiler-default";
				COMBINE_HIDPI_IMAGES = YES;
				LIBRARY_SEARCH_PATHS = ../../../lowlevel/lib;
				MACOSX_DEPLOYMENT_TARGET = 10.11;
				OTHER_LDFLAGS = (
					../../../lowlevel/lib/libfmod.dylib,
					"-framework",
					CoreMIDI,
					"-framework",
					CoreAudio,
					"-framework",
					CoreFoundation,
				);
				VALID_ARCHS = x86_64;
			};
			name = Release;
		};
/* End XCBuildConfiguration section */

/* Begin XCConfigurationList section */
		AFFF968B1630FB6A00804536 /* Build configuration list for PBXProject "effectsMIDI" */ = {
			isa = XCConfigurationList;
			buildConfigurations = (
				AFFF96991630FB6A00804536 /* Debug */,
				AFFF969A1630FB6A00804536 /* Release */,
			);
			defaultConfigurationIsVisible = 0;
			defaultConfigurationName = Release;
		};
		AFFF969B1630FB6A00804536 /* Build configuration list for PBXNativeTarget "effects" */ = {
			isa = XCConfigurationList;
			buildConfigurations = (
				AFFF969C1630FB6A00804536 /* Debug */,
				AFFF969D1630FB6A00804536 /* Release */,
			);
			defaultConfigurationIsVisible = 0;
			defaultConfigurationName = Release;
		};
/* End XCConfigurationList section */
	};
	rootObject = AFFF96881630FB6A00804536 /* Project object */;
}
