// !$*UTF8*$!
{
	archiveVersion = 1;
	classes = {
	};
	objectVersion = 46;
	objects = {

/* Begin PBXBuildFile section */
		6E08F580235622A9008E7580 /* CoreMIDI.framework in Frameworks */ = {isa = PBXBuildFile; fileRef = 6E08F57F235622A8008E7580 /* CoreMIDI.framework */; };
		6E08F582235622B3008E7580 /* CoreFoundation.framework in Frameworks */ = {isa = PBXBuildFile; fileRef = 6E08F581235622B3008E7580 /* CoreFoundation.framework */; };
		6E5667C524ACC8EC0056CF50 /* midiOutSample.cpp in Sources */ = {isa = PBXBuildFile; fileRef = 6E5667C424ACC8EC0056CF50 /* midiOutSample.cpp */; };
		6EA9B0AC24842D8D00CE3BE3 /* DrumsNoBassline.wav in Resources */ = {isa = PBXBuildFile; fileRef = 6EA9B08624842CCF00CE3BE3 /* DrumsNoBassline.wav */; };
		6EA9B0AD24842D8D00CE3BE3 /* LocationVerse1NoBass.wav in Resources */ = {isa = PBXBuildFile; fileRef = 6EA9B08724842CCF00CE3BE3 /* LocationVerse1NoBass.wav */; };
		6EA9B0AE24842D8D00CE3BE3 /* DooDooDo2.wav in Resources */ = {isa = PBXBuildFile; fileRef = 6EA9B08824842CCF00CE3BE3 /* DooDooDo2.wav */; };
		6EA9B0AF24842D8D00CE3BE3 /* wave.mp3 in Resources */ = {isa = PBXBuildFile; fileRef = 6EA9B08924842CCF00CE3BE3 /* wave.mp3 */; };
		6EA9B0B024842D8D00CE3BE3 /* Shaker1.wav in Resources */ = {isa = PBXBuildFile; fileRef = 6EA9B08A24842CCF00CE3BE3 /* Shaker1.wav */; };
		6EA9B0B124842D8D00CE3BE3 /* Guitar2.wav in Resources */ = {isa = PBXBuildFile; fileRef = 6EA9B08B24842CCF00CE3BE3 /* Guitar2.wav */; };
		6EA9B0B224842D8D00CE3BE3 /* Shaker2.wav in Resources */ = {isa = PBXBuildFile; fileRef = 6EA9B08C24842CCF00CE3BE3 /* Shaker2.wav */; };
		6EA9B0B324842D8D00CE3BE3 /* BasslineNoDrums.wav in Resources */ = {isa = PBXBuildFile; fileRef = 6EA9B08D24842CCF00CE3BE3 /* BasslineNoDrums.wav */; };
		6EA9B0B424842D8D00CE3BE3 /* RideLocation.wav in Resources */ = {isa = PBXBuildFile; fileRef = 6EA9B08E24842CCF00CE3BE3 /* RideLocation.wav */; };
		6EA9B0B524842D8D00CE3BE3 /* Guitar.wav in Resources */ = {isa = PBXBuildFile; fileRef = 6EA9B08F24842CCF00CE3BE3 /* Guitar.wav */; };
		6EA9B0B624842D8D00CE3BE3 /* LocationChorusWithBass.wav in Resources */ = {isa = PBXBuildFile; fileRef = 6EA9B09024842CCF00CE3BE3 /* LocationChorusWithBass.wav */; };
		6EA9B0B724842D8D00CE3BE3 /* SendMeVocalsNoBass2.wav in Resources */ = {isa = PBXBuildFile; fileRef = 6EA9B09124842CCF00CE3BE3 /* SendMeVocalsNoBass2.wav */; };
		6EA9B0B824842D8D00CE3BE3 /* drumloop.wav in Resources */ = {isa = PBXBuildFile; fileRef = 6EA9B09224842CCF00CE3BE3 /* drumloop.wav */; };
		6EA9B0B924842D8D00CE3BE3 /* jaguar.wav in Resources */ = {isa = PBXBuildFile; fileRef = 6EA9B09324842CCF00CE3BE3 /* jaguar.wav */; };
		6EA9B0BA24842D8D00CE3BE3 /* DooDooDo.wav in Resources */ = {isa = PBXBuildFile; fileRef = 6EA9B09424842CCF00CE3BE3 /* DooDooDo.wav */; };
		6EA9B0BB24842D8D00CE3BE3 /* SendMeVocalsNoBass1.wav in Resources */ = {isa = PBXBuildFile; fileRef = 6EA9B09524842CCF00CE3BE3 /* SendMeVocalsNoBass1.wav */; };
		6EA9B0BC24842D8D00CE3BE3 /* Verse2.wav in Resources */ = {isa = PBXBuildFile; fileRef = 6EA9B09624842CCF00CE3BE3 /* Verse2.wav */; };
		6EA9B0BD24842D8D00CE3BE3 /* Verse1.wav in Resources */ = {isa = PBXBuildFile; fileRef = 6EA9B09724842CCF00CE3BE3 /* Verse1.wav */; };
		6EA9B0BE24842D8D00CE3BE3 /* BasslineAndDrums.wav in Resources */ = {isa = PBXBuildFile; fileRef = 6EA9B09824842CCF00CE3BE3 /* BasslineAndDrums.wav */; };
		6EC6761C2356206E00CFC871 /* RtMidi.cpp in Sources */ = {isa = PBXBuildFile; fileRef = 6EC6761B2356206E00CFC871 /* RtMidi.cpp */; };
		6EC676202356214C00CFC871 /* CoreAudio.framework in Frameworks */ = {isa = PBXBuildFile; fileRef = 6EC6761E235620FE00CFC871 /* CoreAudio.framework */; };
		AF77A84E165B0E00004D5BC2 /* libfmod.dylib in CopyFiles */ = {isa = PBXBuildFile; fileRef = AF77A84C165B0E00004D5BC2 /* libfmod.dylib */; };
		AF77A84F165B0E00004D5BC2 /* libfmodL.dylib in CopyFiles */ = {isa = PBXBuildFile; fileRef = AF77A84D165B0E00004D5BC2 /* libfmodL.dylib */; };
		AFA41FB71654A10E005DF8E4 /* Cocoa.framework in Frameworks */ = {isa = PBXBuildFile; fileRef = AFA41FB61654A10E005DF8E4 /* Cocoa.framework */; };
/* End PBXBuildFile section */

/* Begin PBXCopyFilesBuildPhase section */
		AF77A847165B0DC4004D5BC2 /* CopyFiles */ = {
			isa = PBXCopyFilesBuildPhase;
			buildActionMask = 2147483647;
			dstPath = "";
			dstSubfolderSpec = 10;
			files = (
				AF77A84E165B0E00004D5BC2 /* libfmod.dylib in CopyFiles */,
				AF77A84F165B0E00004D5BC2 /* libfmodL.dylib in CopyFiles */,
			);
			runOnlyForDeploymentPostprocessing = 0;
		};
/* End PBXCopyFilesBuildPhase section */

/* Begin PBXFileReference section */
		6E08F57F235622A8008E7580 /* CoreMIDI.framework */ = {isa = PBXFileReference; lastKnownFileType = wrapper.framework; name = CoreMIDI.framework; path = System/Library/Frameworks/CoreMIDI.framework; sourceTree = SDKROOT; };
		6E08F581235622B3008E7580 /* CoreFoundation.framework */ = {isa = PBXFileReference; lastKnownFileType = wrapper.framework; name = CoreFoundation.framework; path = System/Library/Frameworks/CoreFoundation.framework; sourceTree = SDKROOT; };
		6E08F58323562435008E7580 /* rnb.h */ = {isa = PBXFileReference; fileEncoding = 4; lastKnownFileType = sourcecode.c.h; name = rnb.h; path = ../../inc/rnb.h; sourceTree = SOURCE_ROOT; };
		6E5667C424ACC8EC0056CF50 /* midiOutSample.cpp */ = {isa = PBXFileReference; fileEncoding = 4; lastKnownFileType = sourcecode.cpp.cpp; path = midiOutSample.cpp; sourceTree = "<group>"; };
		6EA9B08624842CCF00CE3BE3 /* DrumsNoBassline.wav */ = {isa = PBXFileReference; lastKnownFileType = audio.wav; path = DrumsNoBassline.wav; sourceTree = "<group>"; };
		6EA9B08724842CCF00CE3BE3 /* LocationVerse1NoBass.wav */ = {isa = PBXFileReference; lastKnownFileType = audio.wav; path = LocationVerse1NoBass.wav; sourceTree = "<group>"; };
		6EA9B08824842CCF00CE3BE3 /* DooDooDo2.wav */ = {isa = PBXFileReference; lastKnownFileType = audio.wav; path = DooDooDo2.wav; sourceTree = "<group>"; };
		6EA9B08924842CCF00CE3BE3 /* wave.mp3 */ = {isa = PBXFileReference; lastKnownFileType = audio.mp3; path = wave.mp3; sourceTree = "<group>"; };
		6EA9B08A24842CCF00CE3BE3 /* Shaker1.wav */ = {isa = PBXFileReference; lastKnownFileType = audio.wav; path = Shaker1.wav; sourceTree = "<group>"; };
		6EA9B08B24842CCF00CE3BE3 /* Guitar2.wav */ = {isa = PBXFileReference; lastKnownFileType = audio.wav; path = Guitar2.wav; sourceTree = "<group>"; };
		6EA9B08C24842CCF00CE3BE3 /* Shaker2.wav */ = {isa = PBXFileReference; lastKnownFileType = audio.wav; path = Shaker2.wav; sourceTree = "<group>"; };
		6EA9B08D24842CCF00CE3BE3 /* BasslineNoDrums.wav */ = {isa = PBXFileReference; lastKnownFileType = audio.wav; path = BasslineNoDrums.wav; sourceTree = "<group>"; };
		6EA9B08E24842CCF00CE3BE3 /* RideLocation.wav */ = {isa = PBXFileReference; lastKnownFileType = audio.wav; path = RideLocation.wav; sourceTree = "<group>"; };
		6EA9B08F24842CCF00CE3BE3 /* Guitar.wav */ = {isa = PBXFileReference; lastKnownFileType = audio.wav; path = Guitar.wav; sourceTree = "<group>"; };
		6EA9B09024842CCF00CE3BE3 /* LocationChorusWithBass.wav */ = {isa = PBXFileReference; lastKnownFileType = audio.wav; path = LocationChorusWithBass.wav; sourceTree = "<group>"; };
		6EA9B09124842CCF00CE3BE3 /* SendMeVocalsNoBass2.wav */ = {isa = PBXFileReference; lastKnownFileType = audio.wav; path = SendMeVocalsNoBass2.wav; sourceTree = "<group>"; };
		6EA9B09224842CCF00CE3BE3 /* drumloop.wav */ = {isa = PBXFileReference; lastKnownFileType = audio.wav; path = drumloop.wav; sourceTree = "<group>"; };
		6EA9B09324842CCF00CE3BE3 /* jaguar.wav */ = {isa = PBXFileReference; lastKnownFileType = audio.wav; path = jaguar.wav; sourceTree = "<group>"; };
		6EA9B09424842CCF00CE3BE3 /* DooDooDo.wav */ = {isa = PBXFileReference; lastKnownFileType = audio.wav; path = DooDooDo.wav; sourceTree = "<group>"; };
		6EA9B09524842CCF00CE3BE3 /* SendMeVocalsNoBass1.wav */ = {isa = PBXFileReference; lastKnownFileType = audio.wav; path = SendMeVocalsNoBass1.wav; sourceTree = "<group>"; };
		6EA9B09624842CCF00CE3BE3 /* Verse2.wav */ = {isa = PBXFileReference; lastKnownFileType = audio.wav; path = Verse2.wav; sourceTree = "<group>"; };
		6EA9B09724842CCF00CE3BE3 /* Verse1.wav */ = {isa = PBXFileReference; lastKnownFileType = audio.wav; path = Verse1.wav; sourceTree = "<group>"; };
		6EA9B09824842CCF00CE3BE3 /* BasslineAndDrums.wav */ = {isa = PBXFileReference; lastKnownFileType = audio.wav; path = BasslineAndDrums.wav; sourceTree = "<group>"; };
		6EC6761B2356206E00CFC871 /* RtMidi.cpp */ = {isa = PBXFileReference; fileEncoding = 4; lastKnownFileType = sourcecode.cpp.cpp; path = RtMidi.cpp; sourceTree = SOURCE_ROOT; };
		6EC6761E235620FE00CFC871 /* CoreAudio.framework */ = {isa = PBXFileReference; lastKnownFileType = wrapper.framework; name = CoreAudio.framework; path = System/Library/Frameworks/CoreAudio.framework; sourceTree = SDKROOT; };
		AF77A84C165B0E00004D5BC2 /* libfmod.dylib */ = {isa = PBXFileReference; lastKnownFileType = "compiled.mach-o.dylib"; name = libfmod.dylib; path = ../../lib/libfmod.dylib; sourceTree = "<group>"; };
		AF77A84D165B0E00004D5BC2 /* libfmodL.dylib */ = {isa = PBXFileReference; lastKnownFileType = "compiled.mach-o.dylib"; name = libfmodL.dylib; path = ../../lib/libfmodL.dylib; sourceTree = "<group>"; };
		AFA41FB61654A10E005DF8E4 /* Cocoa.framework */ = {isa = PBXFileReference; lastKnownFileType = wrapper.framework; name = Cocoa.framework; path = System/Library/Frameworks/Cocoa.framework; sourceTree = SDKROOT; };
		AFFF96911630FB6A00804536 /* rnbSampleProj.app */ = {isa = PBXFileReference; explicitFileType = wrapper.application; includeInIndex = 0; path = rnbSampleProj.app; sourceTree = BUILT_PRODUCTS_DIR; };
/* End PBXFileReference section */

/* Begin PBXFrameworksBuildPhase section */
		AFFF968E1630FB6A00804536 /* Frameworks */ = {
			isa = PBXFrameworksBuildPhase;
			buildActionMask = 2147483647;
			files = (
				6E08F582235622B3008E7580 /* CoreFoundation.framework in Frameworks */,
				6E08F580235622A9008E7580 /* CoreMIDI.framework in Frameworks */,
				6EC676202356214C00CFC871 /* CoreAudio.framework in Frameworks */,
				AFA41FB71654A10E005DF8E4 /* Cocoa.framework in Frameworks */,
			);
			runOnlyForDeploymentPostprocessing = 0;
		};
/* End PBXFrameworksBuildPhase section */

/* Begin PBXGroup section */
		6EA9B08524842CCF00CE3BE3 /* media */ = {
			isa = PBXGroup;
			children = (
				6EA9B08624842CCF00CE3BE3 /* DrumsNoBassline.wav */,
				6EA9B08724842CCF00CE3BE3 /* LocationVerse1NoBass.wav */,
				6EA9B08A24842CCF00CE3BE3 /* Shaker1.wav */,
				6EA9B08824842CCF00CE3BE3 /* DooDooDo2.wav */,
				6EA9B08924842CCF00CE3BE3 /* wave.mp3 */,
				6EA9B08B24842CCF00CE3BE3 /* Guitar2.wav */,
				6EA9B08C24842CCF00CE3BE3 /* Shaker2.wav */,
				6EA9B08D24842CCF00CE3BE3 /* BasslineNoDrums.wav */,
				6EA9B08E24842CCF00CE3BE3 /* RideLocation.wav */,
				6EA9B08F24842CCF00CE3BE3 /* Guitar.wav */,
				6EA9B09024842CCF00CE3BE3 /* LocationChorusWithBass.wav */,
				6EA9B09124842CCF00CE3BE3 /* SendMeVocalsNoBass2.wav */,
				6EA9B09224842CCF00CE3BE3 /* drumloop.wav */,
				6EA9B09324842CCF00CE3BE3 /* jaguar.wav */,
				6EA9B09424842CCF00CE3BE3 /* DooDooDo.wav */,
				6EA9B09524842CCF00CE3BE3 /* SendMeVocalsNoBass1.wav */,
				6EA9B09624842CCF00CE3BE3 /* Verse2.wav */,
				6EA9B09724842CCF00CE3BE3 /* Verse1.wav */,
				6EA9B09824842CCF00CE3BE3 /* BasslineAndDrums.wav */,
			);
			path = media;
			sourceTree = SOURCE_ROOT;
		};
		6EC6761D235620FE00CFC871 /* Frameworks */ = {
			isa = PBXGroup;
			children = (
				6E08F581235622B3008E7580 /* CoreFoundation.framework */,
				6E08F57F235622A8008E7580 /* CoreMIDI.framework */,
				6EC6761E235620FE00CFC871 /* CoreAudio.framework */,
			);
			name = Frameworks;
			sourceTree = "<group>";
		};
		AFFF96861630FB6A00804536 = {
			isa = PBXGroup;
			children = (
				6EA9B08524842CCF00CE3BE3 /* media */,
				AFFF96C3746D33BF00804536 /* Sources */,
				AFFF96BD163103C400804536 /* Libraries */,
				AFFF96921630FB6A00804536 /* Products */,
				6EC6761D235620FE00CFC871 /* Frameworks */,
			);
			sourceTree = "<group>";
		};
		AFFF96921630FB6A00804536 /* Products */ = {
			isa = PBXGroup;
			children = (
				AFFF96911630FB6A00804536 /* rnbSampleProj.app */,
			);
			name = Products;
			sourceTree = "<group>";
		};
		AFFF96BD163103C400804536 /* Libraries */ = {
			isa = PBXGroup;
			children = (
				AF77A84C165B0E00004D5BC2 /* libfmod.dylib */,
				AF77A84D165B0E00004D5BC2 /* libfmodL.dylib */,
				AFA41FB61654A10E005DF8E4 /* Cocoa.framework */,
			);
			name = Libraries;
			sourceTree = "<group>";
		};
		AFFF96C3746D33BF00804536 /* Sources */ = {
			isa = PBXGroup;
			children = (
				6E5667C424ACC8EC0056CF50 /* midiOutSample.cpp */,
				6E08F58323562435008E7580 /* rnb.h */,
				6EC6761B2356206E00CFC871 /* RtMidi.cpp */,
			);
			name = Sources;
			sourceTree = "<group>";
		};
/* End PBXGroup section */

/* Begin PBXNativeTarget section */
		AFFF96901630FB6A00804536 /* effects */ = {
			isa = PBXNativeTarget;
			buildConfigurationList = AFFF969B1630FB6A00804536 /* Build configuration list for PBXNativeTarget "effects" */;
			buildPhases = (
				AFFF968D1630FB6A00804536 /* Sources */,
				AFFF968E1630FB6A00804536 /* Frameworks */,
				AF77A847165B0DC4004D5BC2 /* CopyFiles */,
				AFC16064167078A400003773 /* Resources */,
			);
			buildRules = (
			);
			dependencies = (
			);
			name = effects;
			productName = effects;
			productReference = AFFF96911630FB6A00804536 /* rnbSampleProj.app */;
			productType = "com.apple.product-type.application";
		};
/* End PBXNativeTarget section */

/* Begin PBXProject section */
		AFFF96881630FB6A00804536 /* Project object */ = {
			isa = PBXProject;
			attributes = {
				LastUpgradeCheck = 0450;
				ORGANIZATIONNAME = "Firelight Technologies";
			};
			buildConfigurationList = AFFF968B1630FB6A00804536 /* Build configuration list for PBXProject "rnbSampleProj" */;
			compatibilityVersion = "Xcode 3.2";
			developmentRegion = English;
			hasScannedForEncodings = 0;
			knownRegions = (
				en,
			);
			mainGroup = AFFF96861630FB6A00804536;
			productRefGroup = AFFF96921630FB6A00804536 /* Products */;
			projectDirPath = "";
			projectRoot = "";
			targets = (
				AFFF96901630FB6A00804536 /* effects */,
			);
		};
/* End PBXProject section */

/* Begin PBXResourcesBuildPhase section */
		AFC16064167078A400003773 /* Resources */ = {
			isa = PBXResourcesBuildPhase;
			buildActionMask = 2147483647;
			files = (
				6EA9B0AC24842D8D00CE3BE3 /* DrumsNoBassline.wav in Resources */,
				6EA9B0AD24842D8D00CE3BE3 /* LocationVerse1NoBass.wav in Resources */,
				6EA9B0AE24842D8D00CE3BE3 /* DooDooDo2.wav in Resources */,
				6EA9B0AF24842D8D00CE3BE3 /* wave.mp3 in Resources */,
				6EA9B0B024842D8D00CE3BE3 /* Shaker1.wav in Resources */,
				6EA9B0B124842D8D00CE3BE3 /* Guitar2.wav in Resources */,
				6EA9B0B224842D8D00CE3BE3 /* Shaker2.wav in Resources */,
				6EA9B0B324842D8D00CE3BE3 /* BasslineNoDrums.wav in Resources */,
				6EA9B0B424842D8D00CE3BE3 /* RideLocation.wav in Resources */,
				6EA9B0B524842D8D00CE3BE3 /* Guitar.wav in Resources */,
				6EA9B0B624842D8D00CE3BE3 /* LocationChorusWithBass.wav in Resources */,
				6EA9B0B724842D8D00CE3BE3 /* SendMeVocalsNoBass2.wav in Resources */,
				6EA9B0B824842D8D00CE3BE3 /* drumloop.wav in Resources */,
				6EA9B0B924842D8D00CE3BE3 /* jaguar.wav in Resources */,
				6EA9B0BA24842D8D00CE3BE3 /* DooDooDo.wav in Resources */,
				6EA9B0BB24842D8D00CE3BE3 /* SendMeVocalsNoBass1.wav in Resources */,
				6EA9B0BC24842D8D00CE3BE3 /* Verse2.wav in Resources */,
				6EA9B0BD24842D8D00CE3BE3 /* Verse1.wav in Resources */,
				6EA9B0BE24842D8D00CE3BE3 /* BasslineAndDrums.wav in Resources */,
			);
			runOnlyForDeploymentPostprocessing = 0;
		};
/* End PBXResourcesBuildPhase section */

/* Begin PBXSourcesBuildPhase section */
		AFFF968D1630FB6A00804536 /* Sources */ = {
			isa = PBXSourcesBuildPhase;
			buildActionMask = 2147483647;
			files = (
				6EC6761C2356206E00CFC871 /* RtMidi.cpp in Sources */,
				6E5667C524ACC8EC0056CF50 /* midiOutSample.cpp in Sources */,
			);
			runOnlyForDeploymentPostprocessing = 0;
		};
/* End PBXSourcesBuildPhase section */

/* Begin XCBuildConfiguration section */
		AFFF96991630FB6A00804536 /* Debug */ = {
			isa = XCBuildConfiguration;
			buildSettings = {
				ARCHS = "$(ARCHS_STANDARD_32_64_BIT)";
				GCC_ENABLE_CPP_RTTI = NO;
				GCC_OPTIMIZATION_LEVEL = 0;
				HEADER_SEARCH_PATHS = ../../../lowlevel/inc;
				LD_RUNPATH_SEARCH_PATHS = "@loader_path/../Frameworks";
				MACOSX_DEPLOYMENT_TARGET = 10.5;
				ONLY_ACTIVE_ARCH = YES;
				OTHER_LDFLAGS = ../../../lowlevel/lib/libfmodL.dylib;
				PRODUCT_NAME = $PROJECT_NAME;
				SDKROOT = macosx;
			};
			name = Debug;
		};
		AFFF969A1630FB6A00804536 /* Release */ = {
			isa = XCBuildConfiguration;
			buildSettings = {
				ARCHS = "$(ARCHS_STANDARD_32_64_BIT)";
				GCC_ENABLE_CPP_RTTI = NO;
				HEADER_SEARCH_PATHS = ../../../lowlevel/inc;
				LD_RUNPATH_SEARCH_PATHS = "@loader_path/../Frameworks";
				MACOSX_DEPLOYMENT_TARGET = 10.5;
				OTHER_LDFLAGS = ../../../lowlevel/lib/libfmod.dylib;
				PRODUCT_NAME = $PROJECT_NAME;
				SDKROOT = macosx;
			};
			name = Release;
		};
		AFFF969C1630FB6A00804536 /* Debug */ = {
			isa = XCBuildConfiguration;
			buildSettings = {
				ARCHS = "$(ARCHS_STANDARD)";
				CLANG_CXX_LANGUAGE_STANDARD = "c++0x";
				CLANG_CXX_LIBRARY = "libc++";
				COMBINE_HIDPI_IMAGES = YES;
				LIBRARY_SEARCH_PATHS = ../../../lowlevel/lib;
				MACOSX_DEPLOYMENT_TARGET = 10.11;
				VALID_ARCHS = x86_64;
			};
			name = Debug;
		};
		AFFF969D1630FB6A00804536 /* Release */ = {
			isa = XCBuildConfiguration;
			buildSettings = {
				ARCHS = "$(ARCHS_STANDARD)";
				CLANG_CXX_LANGUAGE_STANDARD = "c++0x";
				CLANG_CXX_LIBRARY = "libc++";
				COMBINE_HIDPI_IMAGES = YES;
				LIBRARY_SEARCH_PATHS = ../../../lowlevel/lib;
				MACOSX_DEPLOYMENT_TARGET = 10.11;
				VALID_ARCHS = x86_64;
			};
			name = Release;
		};
/* End XCBuildConfiguration section */

/* Begin XCConfigurationList section */
		AFFF968B1630FB6A00804536 /* Build configuration list for PBXProject "rnbSampleProj" */ = {
			isa = XCConfigurationList;
			buildConfigurations = (
				AFFF96991630FB6A00804536 /* Debug */,
				AFFF969A1630FB6A00804536 /* Release */,
			);
			defaultConfigurationIsVisible = 0;
			defaultConfigurationName = Release;
		};
		AFFF969B1630FB6A00804536 /* Build configuration list for PBXNativeTarget "effects" */ = {
			isa = XCConfigurationList;
			buildConfigurations = (
				AFFF969C1630FB6A00804536 /* Debug */,
				AFFF969D1630FB6A00804536 /* Release */,
			);
			defaultConfigurationIsVisible = 0;
			defaultConfigurationName = Release;
		};
/* End XCConfigurationList section */
	};
	rootObject = AFFF96881630FB6A00804536 /* Project object */;
}
